
Microsoft Visual Studio Solution File, Format Version 12.00
# Visual Studio Version 17
VisualStudioVersion = 17.12.35527.113 d17.12
MinimumVisualStudioVersion = 10.0.40219.1
Project("{FAE04EC0-301F-11D3-BF4B-00C04F79EFBC}") = "Consumer_Producer_N_Pelda", "Consumer_Producer_N_Pelda\Consumer_Producer_N_Pelda.csproj", "{E927314C-CB3B-4124-AB65-60347FD0A33C}"
EndProject
Global
	GlobalSection(SolutionConfigurationPlatforms) = preSolution
		Debug|Any CPU = Debug|Any CPU
		Release|Any CPU = Release|Any CPU
	EndGlobalSection
	GlobalSection(ProjectConfigurationPlatforms) = postSolution
		{E927314C-CB3B-4124-AB65-60347FD0A33C}.Debug|Any CPU.ActiveCfg = Debug|Any CPU
		{E927314C-CB3B-4124-AB65-60347FD0A33C}.Debug|Any CPU.Build.0 = Debug|Any CPU
		{E927314C-CB3B-4124-AB65-60347FD0A33C}.Release|Any CPU.ActiveCfg = Release|Any CPU
		{E927314C-CB3B-4124-AB65-60347FD0A33C}.Release|Any CPU.Build.0 = Release|Any CPU
	EndGlobalSection
	GlobalSection(SolutionProperties) = preSolution
		HideSolutionNode = FALSE
	EndGlobalSection
EndGlobal
