
Microsoft Visual Studio Solution File, Format Version 12.00
# Visual Studio Version 17
VisualStudioVersion = 17.12.35527.113 d17.12
MinimumVisualStudioVersion = 10.0.40219.1
Project("{FAE04EC0-301F-11D3-BF4B-00C04F79EFBC}") = "Termelo_Fogyaszto_BlockingCollection_ThreadPool", "Termelo_Fogyaszto_BlockingCollection_ThreadPool\Termelo_Fogyaszto_BlockingCollection_ThreadPool.csproj", "{6DB1ED0E-DB39-475B-8903-348360D0CF1D}"
EndProject
Global
	GlobalSection(SolutionConfigurationPlatforms) = preSolution
		Debug|Any CPU = Debug|Any CPU
		Release|Any CPU = Release|Any CPU
	EndGlobalSection
	GlobalSection(ProjectConfigurationPlatforms) = postSolution
		{6DB1ED0E-DB39-475B-8903-348360D0CF1D}.Debug|Any CPU.ActiveCfg = Debug|Any CPU
		{6DB1ED0E-DB39-475B-8903-348360D0CF1D}.Debug|Any CPU.Build.0 = Debug|Any CPU
		{6DB1ED0E-DB39-475B-8903-348360D0CF1D}.Release|Any CPU.ActiveCfg = Release|Any CPU
		{6DB1ED0E-DB39-475B-8903-348360D0CF1D}.Release|Any CPU.Build.0 = Release|Any CPU
	EndGlobalSection
	GlobalSection(SolutionProperties) = preSolution
		HideSolutionNode = FALSE
	EndGlobalSection
EndGlobal
